
Microsoft Visual Studio Solution File, Format Version 12.00
# Visual Studio Version 17
VisualStudioVersion = 17.5.33627.172
MinimumVisualStudioVersion = 10.0.40219.1
Project("{8BC9CEB8-8B4A-11D0-8D11-00A0C91BC942}") = "OOP_Lab10_2", "OOP_Lab10_2\OOP_Lab10_2.vcxproj", "{007BED0B-FC6F-45E5-A551-012DF919E7E8}"
EndProject
Global
	GlobalSection(SolutionConfigurationPlatforms) = preSolution
		Debug|x64 = Debug|x64
		Release|x64 = Release|x64
	EndGlobalSection
	GlobalSection(ProjectConfigurationPlatforms) = postSolution
		{007BED0B-FC6F-45E5-A551-012DF919E7E8}.Debug|x64.ActiveCfg = Debug|x64
		{007BED0B-FC6F-45E5-A551-012DF919E7E8}.Debug|x64.Build.0 = Debug|x64
		{007BED0B-FC6F-45E5-A551-012DF919E7E8}.Release|x64.ActiveCfg = Release|x64
		{007BED0B-FC6F-45E5-A551-012DF919E7E8}.Release|x64.Build.0 = Release|x64
	EndGlobalSection
	GlobalSection(SolutionProperties) = preSolution
		HideSolutionNode = FALSE
	EndGlobalSection
	GlobalSection(ExtensibilityGlobals) = postSolution
		SolutionGuid = {9FE17D68-159C-47A1-BAB8-A5C0C13BF83D}
	EndGlobalSection
EndGlobal
